id: openlst_raw_zmq_source
label: Raw ZMQ Source
category: '[openlst]'

templates:
  imports: from gnuradio import openlst
  make: openlst.raw_zmq_source(${socket_path}, ${socket_type})

parameters:
- id: socket_path
  label: Socket path
  dtype: string
  default: ipc:///tmp/socket
- id: socket_type
  label: Socket type
  dtype: string
  default: PULL

inputs: []

outputs:
- label: message
  domain: message

file_format: 1